
Microsoft Visual Studio Solution File, Format Version 12.00
# Visual Studio Version 17
VisualStudioVersion = 17.11.35208.52
MinimumVisualStudioVersion = 10.0.40219.1
Project("{9A19103F-16F7-4668-BE54-9A1E7A4F7556}") = "proyectocountertexdefinitivo", "proyectocountertexdefinitivo.csproj", "{ABED6F40-63D7-475C-855D-39EF383A1E63}"
EndProject
Project("{2150E333-8FDC-42A3-9474-1A3956D46DE8}") = "Script", "Script", "{59A5ED6C-E299-466B-ACC4-E9327AD87B7E}"
	ProjectSection(SolutionItems) = preProject
		..\scrip\SQLQueryDBCounterTex (1).sql = ..\scrip\SQLQueryDBCounterTex (1).sql
	EndProjectSection
EndProject
Project("{2150E333-8FDC-42A3-9474-1A3956D46DE8}") = "Documentacion", "Documentacion", "{ADFE4754-29D0-42B5-A208-FCC6216E6958}"
EndProject
Project("{2150E333-8FDC-42A3-9474-1A3956D46DE8}") = "Codigo", "Codigo", "{6BB97536-2A99-458C-8C1F-66A6441DEB47}"
EndProject
Global
	GlobalSection(SolutionConfigurationPlatforms) = preSolution
		Debug|Any CPU = Debug|Any CPU
		Release|Any CPU = Release|Any CPU
	EndGlobalSection
	GlobalSection(ProjectConfigurationPlatforms) = postSolution
		{ABED6F40-63D7-475C-855D-39EF383A1E63}.Debug|Any CPU.ActiveCfg = Debug|Any CPU
		{ABED6F40-63D7-475C-855D-39EF383A1E63}.Debug|Any CPU.Build.0 = Debug|Any CPU
		{ABED6F40-63D7-475C-855D-39EF383A1E63}.Release|Any CPU.ActiveCfg = Release|Any CPU
		{ABED6F40-63D7-475C-855D-39EF383A1E63}.Release|Any CPU.Build.0 = Release|Any CPU
	EndGlobalSection
	GlobalSection(SolutionProperties) = preSolution
		HideSolutionNode = FALSE
	EndGlobalSection
	GlobalSection(NestedProjects) = preSolution
		{ABED6F40-63D7-475C-855D-39EF383A1E63} = {6BB97536-2A99-458C-8C1F-66A6441DEB47}
	EndGlobalSection
	GlobalSection(ExtensibilityGlobals) = postSolution
		SolutionGuid = {306D15DA-25B6-45DE-B426-577655E14A6F}
	EndGlobalSection
EndGlobal
